
Microsoft Visual Studio Solution File, Format Version 12.00
# Visual Studio Version 16
VisualStudioVersion = 16.0.31410.357
MinimumVisualStudioVersion = 10.0.40219.1
Project("{FAE04EC0-301F-11D3-BF4B-00C04F79EFBC}") = "publishgit", "publishgit\publishgit.csproj", "{42614E47-2FB5-443D-93C5-1667904BA154}"
EndProject
Global
	GlobalSection(SolutionConfigurationPlatforms) = preSolution
		Debug|Any CPU = Debug|Any CPU
		Release|Any CPU = Release|Any CPU
	EndGlobalSection
	GlobalSection(ProjectConfigurationPlatforms) = postSolution
		{42614E47-2FB5-443D-93C5-1667904BA154}.Debug|Any CPU.ActiveCfg = Debug|Any CPU
		{42614E47-2FB5-443D-93C5-1667904BA154}.Debug|Any CPU.Build.0 = Debug|Any CPU
		{42614E47-2FB5-443D-93C5-1667904BA154}.Release|Any CPU.ActiveCfg = Release|Any CPU
		{42614E47-2FB5-443D-93C5-1667904BA154}.Release|Any CPU.Build.0 = Release|Any CPU
	EndGlobalSection
	GlobalSection(SolutionProperties) = preSolution
		HideSolutionNode = FALSE
	EndGlobalSection
	GlobalSection(ExtensibilityGlobals) = postSolution
		SolutionGuid = {58707F51-497A-444B-8E30-B9C47B807841}
	EndGlobalSection
EndGlobal
